
Microsoft Visual Studio Solution File, Format Version 12.00
# Visual Studio 15
VisualStudioVersion = 15.0.27428.2002
MinimumVisualStudioVersion = 10.0.40219.1
Project("{FAE04EC0-301F-11D3-BF4B-00C04F79EFBC}") = "Project006", "Project006\Project006.csproj", "{923D5918-EBE3-4EA1-945B-F6C9D5F5E969}"
EndProject
Global
	GlobalSection(SolutionConfigurationPlatforms) = preSolution
		Debug|Any CPU = Debug|Any CPU
		Release|Any CPU = Release|Any CPU
	EndGlobalSection
	GlobalSection(ProjectConfigurationPlatforms) = postSolution
		{923D5918-EBE3-4EA1-945B-F6C9D5F5E969}.Debug|Any CPU.ActiveCfg = Debug|Any CPU
		{923D5918-EBE3-4EA1-945B-F6C9D5F5E969}.Debug|Any CPU.Build.0 = Debug|Any CPU
		{923D5918-EBE3-4EA1-945B-F6C9D5F5E969}.Release|Any CPU.ActiveCfg = Release|Any CPU
		{923D5918-EBE3-4EA1-945B-F6C9D5F5E969}.Release|Any CPU.Build.0 = Release|Any CPU
	EndGlobalSection
	GlobalSection(SolutionProperties) = preSolution
		HideSolutionNode = FALSE
	EndGlobalSection
	GlobalSection(ExtensibilityGlobals) = postSolution
		SolutionGuid = {2A424017-BCE9-4BBA-B28F-68126EE1ED83}
	EndGlobalSection
EndGlobal
